
Microsoft Visual Studio Solution File, Format Version 12.00
# Visual Studio 15
VisualStudioVersion = 15.0.27130.2010
MinimumVisualStudioVersion = 10.0.40219.1
Project("{FAE04EC0-301F-11D3-BF4B-00C04F79EFBC}") = "azamsfunctions-v2", "azamsfunctions-v2\azamsfunctions-v2.csproj", "{0BCAC224-711D-4D89-BC63-D5CEA6A8E96D}"
EndProject
Global
	GlobalSection(SolutionConfigurationPlatforms) = preSolution
		Debug|Any CPU = Debug|Any CPU
		Release|Any CPU = Release|Any CPU
	EndGlobalSection
	GlobalSection(ProjectConfigurationPlatforms) = postSolution
		{0BCAC224-711D-4D89-BC63-D5CEA6A8E96D}.Debug|Any CPU.ActiveCfg = Debug|Any CPU
		{0BCAC224-711D-4D89-BC63-D5CEA6A8E96D}.Debug|Any CPU.Build.0 = Debug|Any CPU
		{0BCAC224-711D-4D89-BC63-D5CEA6A8E96D}.Release|Any CPU.ActiveCfg = Release|Any CPU
		{0BCAC224-711D-4D89-BC63-D5CEA6A8E96D}.Release|Any CPU.Build.0 = Release|Any CPU
	EndGlobalSection
	GlobalSection(SolutionProperties) = preSolution
		HideSolutionNode = FALSE
	EndGlobalSection
	GlobalSection(ExtensibilityGlobals) = postSolution
		SolutionGuid = {EAE1C702-3B1C-4223-9931-2AEB32543F69}
	EndGlobalSection
EndGlobal
